// !$*UTF8*$!
{
	archiveVersion = 1;
	classes = {
	};
	objectVersion = 46;
	objects = {

/* Begin PBXBuildFile section */
		7E94D9851B2CB79000B9615B /* NetworkManager.swift in Sources */ = {isa = PBXBuildFile; fileRef = 7E94D9841B2CB79000B9615B /* NetworkManager.swift */; };
		7E94D9881B2D118100B9615B /* Constants.swift in Sources */ = {isa = PBXBuildFile; fileRef = 7E94D9871B2D118100B9615B /* Constants.swift */; };
		7E94D98F1B2E0C6900B9615B /* StocksListViewController.swift in Sources */ = {isa = PBXBuildFile; fileRef = 7E94D98D1B2E0C6900B9615B /* StocksListViewController.swift */; };
		7E94D9901B2E0C6900B9615B /* StocksListViewController.xib in Resources */ = {isa = PBXBuildFile; fileRef = 7E94D98E1B2E0C6900B9615B /* StocksListViewController.xib */; };
		7E94D9931B2E0E8200B9615B /* StockCell.swift in Sources */ = {isa = PBXBuildFile; fileRef = 7E94D9911B2E0E8200B9615B /* StockCell.swift */; };
		7E94D9941B2E0E8200B9615B /* StockCell.xib in Resources */ = {isa = PBXBuildFile; fileRef = 7E94D9921B2E0E8200B9615B /* StockCell.xib */; };
		7E94D9961B2E206000B9615B /* TabBarController.swift in Sources */ = {isa = PBXBuildFile; fileRef = 7E94D9951B2E206000B9615B /* TabBarController.swift */; };
		7ED758461B2F3E0C001E6C51 /* SearchViewController.swift in Sources */ = {isa = PBXBuildFile; fileRef = 7ED758441B2F3E0C001E6C51 /* SearchViewController.swift */; };
		7ED758471B2F3E0C001E6C51 /* SearchViewController.xib in Resources */ = {isa = PBXBuildFile; fileRef = 7ED758451B2F3E0C001E6C51 /* SearchViewController.xib */; };
		7ED7584A1B2F47BF001E6C51 /* SymbolCell.swift in Sources */ = {isa = PBXBuildFile; fileRef = 7ED758481B2F47BF001E6C51 /* SymbolCell.swift */; };
		7ED7584B1B2F47BF001E6C51 /* SymbolCell.xib in Resources */ = {isa = PBXBuildFile; fileRef = 7ED758491B2F47BF001E6C51 /* SymbolCell.xib */; };
		7ED758501B2F892D001E6C51 /* SymbolResultModel.swift in Sources */ = {isa = PBXBuildFile; fileRef = 7ED7584F1B2F892D001E6C51 /* SymbolResultModel.swift */; };
		7ED758521B2F966B001E6C51 /* StockPriceModel.swift in Sources */ = {isa = PBXBuildFile; fileRef = 7ED758511B2F966B001E6C51 /* StockPriceModel.swift */; };
		9450F8B09A92459DEE41EA33 /* Pods_StockPrices.framework in Frameworks */ = {isa = PBXBuildFile; fileRef = 38C722975DAFBA0981B209CF /* Pods_StockPrices.framework */; settings = {ATTRIBUTES = (Weak, ); }; };
		E8A5DE401A7C856100207D8B /* AppDelegate.swift in Sources */ = {isa = PBXBuildFile; fileRef = E8A5DE3F1A7C856100207D8B /* AppDelegate.swift */; };
		E8A5DE431A7C856100207D8B /* StockPrices.xcdatamodeld in Sources */ = {isa = PBXBuildFile; fileRef = E8A5DE411A7C856100207D8B /* StockPrices.xcdatamodeld */; };
		E8A5DE4A1A7C856100207D8B /* Images.xcassets in Resources */ = {isa = PBXBuildFile; fileRef = E8A5DE491A7C856100207D8B /* Images.xcassets */; };
		E8A5DE4D1A7C856100207D8B /* LaunchScreen.xib in Resources */ = {isa = PBXBuildFile; fileRef = E8A5DE4B1A7C856100207D8B /* LaunchScreen.xib */; };
		E8A5DE591A7C856100207D8B /* StockPricesTests.swift in Sources */ = {isa = PBXBuildFile; fileRef = E8A5DE581A7C856100207D8B /* StockPricesTests.swift */; };
		E8D6959F1A7DD51200F143DC /* StocksViewController.swift in Sources */ = {isa = PBXBuildFile; fileRef = E8D6959E1A7DD51200F143DC /* StocksViewController.swift */; };
/* End PBXBuildFile section */

/* Begin PBXContainerItemProxy section */
		E8A5DE531A7C856100207D8B /* PBXContainerItemProxy */ = {
			isa = PBXContainerItemProxy;
			containerPortal = E8A5DE321A7C856100207D8B /* Project object */;
			proxyType = 1;
			remoteGlobalIDString = E8A5DE391A7C856100207D8B;
			remoteInfo = StockPrices;
		};
/* End PBXContainerItemProxy section */

/* Begin PBXFileReference section */
		38C722975DAFBA0981B209CF /* Pods_StockPrices.framework */ = {isa = PBXFileReference; explicitFileType = wrapper.framework; includeInIndex = 0; path = Pods_StockPrices.framework; sourceTree = BUILT_PRODUCTS_DIR; };
		7E94D9841B2CB79000B9615B /* NetworkManager.swift */ = {isa = PBXFileReference; fileEncoding = 4; lastKnownFileType = sourcecode.swift; path = NetworkManager.swift; sourceTree = "<group>"; };
		7E94D9871B2D118100B9615B /* Constants.swift */ = {isa = PBXFileReference; fileEncoding = 4; lastKnownFileType = sourcecode.swift; path = Constants.swift; sourceTree = "<group>"; };
		7E94D98D1B2E0C6900B9615B /* StocksListViewController.swift */ = {isa = PBXFileReference; fileEncoding = 4; lastKnownFileType = sourcecode.swift; path = StocksListViewController.swift; sourceTree = "<group>"; };
		7E94D98E1B2E0C6900B9615B /* StocksListViewController.xib */ = {isa = PBXFileReference; fileEncoding = 4; lastKnownFileType = file.xib; path = StocksListViewController.xib; sourceTree = "<group>"; };
		7E94D9911B2E0E8200B9615B /* StockCell.swift */ = {isa = PBXFileReference; fileEncoding = 4; lastKnownFileType = sourcecode.swift; path = StockCell.swift; sourceTree = "<group>"; };
		7E94D9921B2E0E8200B9615B /* StockCell.xib */ = {isa = PBXFileReference; fileEncoding = 4; lastKnownFileType = file.xib; path = StockCell.xib; sourceTree = "<group>"; };
		7E94D9951B2E206000B9615B /* TabBarController.swift */ = {isa = PBXFileReference; fileEncoding = 4; lastKnownFileType = sourcecode.swift; path = TabBarController.swift; sourceTree = "<group>"; };
		7ED758441B2F3E0C001E6C51 /* SearchViewController.swift */ = {isa = PBXFileReference; fileEncoding = 4; lastKnownFileType = sourcecode.swift; path = SearchViewController.swift; sourceTree = "<group>"; };
		7ED758451B2F3E0C001E6C51 /* SearchViewController.xib */ = {isa = PBXFileReference; fileEncoding = 4; lastKnownFileType = file.xib; path = SearchViewController.xib; sourceTree = "<group>"; };
		7ED758481B2F47BF001E6C51 /* SymbolCell.swift */ = {isa = PBXFileReference; fileEncoding = 4; lastKnownFileType = sourcecode.swift; path = SymbolCell.swift; sourceTree = "<group>"; };
		7ED758491B2F47BF001E6C51 /* SymbolCell.xib */ = {isa = PBXFileReference; fileEncoding = 4; lastKnownFileType = file.xib; path = SymbolCell.xib; sourceTree = "<group>"; };
		7ED7584F1B2F892D001E6C51 /* SymbolResultModel.swift */ = {isa = PBXFileReference; fileEncoding = 4; lastKnownFileType = sourcecode.swift; path = SymbolResultModel.swift; sourceTree = "<group>"; };
		7ED758511B2F966B001E6C51 /* StockPriceModel.swift */ = {isa = PBXFileReference; fileEncoding = 4; lastKnownFileType = sourcecode.swift; path = StockPriceModel.swift; sourceTree = "<group>"; };
		D17A1DB5FC43779E108998B0 /* Pods-StockPrices.debug.xcconfig */ = {isa = PBXFileReference; includeInIndex = 1; lastKnownFileType = text.xcconfig; name = "Pods-StockPrices.debug.xcconfig"; path = "Pods/Target Support Files/Pods-StockPrices/Pods-StockPrices.debug.xcconfig"; sourceTree = "<group>"; };
		E8A5DE3A1A7C856100207D8B /* StockPrices.app */ = {isa = PBXFileReference; explicitFileType = wrapper.application; includeInIndex = 0; path = StockPrices.app; sourceTree = BUILT_PRODUCTS_DIR; };
		E8A5DE3E1A7C856100207D8B /* Info.plist */ = {isa = PBXFileReference; lastKnownFileType = text.plist.xml; path = Info.plist; sourceTree = "<group>"; };
		E8A5DE3F1A7C856100207D8B /* AppDelegate.swift */ = {isa = PBXFileReference; lastKnownFileType = sourcecode.swift; path = AppDelegate.swift; sourceTree = "<group>"; };
		E8A5DE421A7C856100207D8B /* StockPrices.xcdatamodel */ = {isa = PBXFileReference; lastKnownFileType = wrapper.xcdatamodel; path = StockPrices.xcdatamodel; sourceTree = "<group>"; };
		E8A5DE491A7C856100207D8B /* Images.xcassets */ = {isa = PBXFileReference; lastKnownFileType = folder.assetcatalog; path = Images.xcassets; sourceTree = "<group>"; };
		E8A5DE4C1A7C856100207D8B /* Base */ = {isa = PBXFileReference; lastKnownFileType = file.xib; name = Base; path = Base.lproj/LaunchScreen.xib; sourceTree = "<group>"; };
		E8A5DE521A7C856100207D8B /* StockPricesTests.xctest */ = {isa = PBXFileReference; explicitFileType = wrapper.cfbundle; includeInIndex = 0; path = StockPricesTests.xctest; sourceTree = BUILT_PRODUCTS_DIR; };
		E8A5DE571A7C856100207D8B /* Info.plist */ = {isa = PBXFileReference; lastKnownFileType = text.plist.xml; path = Info.plist; sourceTree = "<group>"; };
		E8A5DE581A7C856100207D8B /* StockPricesTests.swift */ = {isa = PBXFileReference; lastKnownFileType = sourcecode.swift; path = StockPricesTests.swift; sourceTree = "<group>"; };
		E8D6959E1A7DD51200F143DC /* StocksViewController.swift */ = {isa = PBXFileReference; fileEncoding = 4; lastKnownFileType = sourcecode.swift; path = StocksViewController.swift; sourceTree = "<group>"; };
		E8DDB014C8EDF5CEBACD1CBE /* Pods-StockPrices.release.xcconfig */ = {isa = PBXFileReference; includeInIndex = 1; lastKnownFileType = text.xcconfig; name = "Pods-StockPrices.release.xcconfig"; path = "Pods/Target Support Files/Pods-StockPrices/Pods-StockPrices.release.xcconfig"; sourceTree = "<group>"; };
/* End PBXFileReference section */

/* Begin PBXFrameworksBuildPhase section */
		E8A5DE371A7C856100207D8B /* Frameworks */ = {
			isa = PBXFrameworksBuildPhase;
			buildActionMask = 2147483647;
			files = (
				9450F8B09A92459DEE41EA33 /* Pods_StockPrices.framework in Frameworks */,
			);
			runOnlyForDeploymentPostprocessing = 0;
		};
		E8A5DE4F1A7C856100207D8B /* Frameworks */ = {
			isa = PBXFrameworksBuildPhase;
			buildActionMask = 2147483647;
			files = (
			);
			runOnlyForDeploymentPostprocessing = 0;
		};
/* End PBXFrameworksBuildPhase section */

/* Begin PBXGroup section */
		3C7D0DE99C0898D5BA789F33 /* Frameworks */ = {
			isa = PBXGroup;
			children = (
				38C722975DAFBA0981B209CF /* Pods_StockPrices.framework */,
			);
			name = Frameworks;
			sourceTree = "<group>";
		};
		7E94D9831B2CA77500B9615B /* ViewControllers */ = {
			isa = PBXGroup;
			children = (
				E8D6959E1A7DD51200F143DC /* StocksViewController.swift */,
				7E94D98D1B2E0C6900B9615B /* StocksListViewController.swift */,
				7E94D98E1B2E0C6900B9615B /* StocksListViewController.xib */,
				7E94D9911B2E0E8200B9615B /* StockCell.swift */,
				7E94D9921B2E0E8200B9615B /* StockCell.xib */,
				7ED758441B2F3E0C001E6C51 /* SearchViewController.swift */,
				7ED758451B2F3E0C001E6C51 /* SearchViewController.xib */,
				7ED758481B2F47BF001E6C51 /* SymbolCell.swift */,
				7ED758491B2F47BF001E6C51 /* SymbolCell.xib */,
				7E94D9951B2E206000B9615B /* TabBarController.swift */,
			);
			name = ViewControllers;
			sourceTree = "<group>";
		};
		7E94D9861B2D116600B9615B /* Constants */ = {
			isa = PBXGroup;
			children = (
				7E94D9871B2D118100B9615B /* Constants.swift */,
			);
			name = Constants;
			sourceTree = "<group>";
		};
		7ED7584C1B2F8836001E6C51 /* Models */ = {
			isa = PBXGroup;
			children = (
				7ED7584F1B2F892D001E6C51 /* SymbolResultModel.swift */,
				7ED758511B2F966B001E6C51 /* StockPriceModel.swift */,
			);
			name = Models;
			sourceTree = "<group>";
		};
		E17569DA39B691A3A824E0DE /* Pods */ = {
			isa = PBXGroup;
			children = (
				D17A1DB5FC43779E108998B0 /* Pods-StockPrices.debug.xcconfig */,
				E8DDB014C8EDF5CEBACD1CBE /* Pods-StockPrices.release.xcconfig */,
			);
			name = Pods;
			sourceTree = "<group>";
		};
		E8A5DE311A7C856100207D8B = {
			isa = PBXGroup;
			children = (
				E8A5DE3C1A7C856100207D8B /* StockPrices */,
				E8A5DE551A7C856100207D8B /* StockPricesTests */,
				E8A5DE3B1A7C856100207D8B /* Products */,
				E17569DA39B691A3A824E0DE /* Pods */,
				3C7D0DE99C0898D5BA789F33 /* Frameworks */,
			);
			sourceTree = "<group>";
		};
		E8A5DE3B1A7C856100207D8B /* Products */ = {
			isa = PBXGroup;
			children = (
				E8A5DE3A1A7C856100207D8B /* StockPrices.app */,
				E8A5DE521A7C856100207D8B /* StockPricesTests.xctest */,
			);
			name = Products;
			sourceTree = "<group>";
		};
		E8A5DE3C1A7C856100207D8B /* StockPrices */ = {
			isa = PBXGroup;
			children = (
				E8A5DE3F1A7C856100207D8B /* AppDelegate.swift */,
				7E94D9841B2CB79000B9615B /* NetworkManager.swift */,
				7E94D9861B2D116600B9615B /* Constants */,
				7ED7584C1B2F8836001E6C51 /* Models */,
				7E94D9831B2CA77500B9615B /* ViewControllers */,
				E8A5DE491A7C856100207D8B /* Images.xcassets */,
				E8A5DE4B1A7C856100207D8B /* LaunchScreen.xib */,
				E8A5DE411A7C856100207D8B /* StockPrices.xcdatamodeld */,
				E8A5DE3D1A7C856100207D8B /* Supporting Files */,
			);
			path = StockPrices;
			sourceTree = "<group>";
		};
		E8A5DE3D1A7C856100207D8B /* Supporting Files */ = {
			isa = PBXGroup;
			children = (
				E8A5DE3E1A7C856100207D8B /* Info.plist */,
			);
			name = "Supporting Files";
			sourceTree = "<group>";
		};
		E8A5DE551A7C856100207D8B /* StockPricesTests */ = {
			isa = PBXGroup;
			children = (
				E8A5DE581A7C856100207D8B /* StockPricesTests.swift */,
				E8A5DE561A7C856100207D8B /* Supporting Files */,
			);
			path = StockPricesTests;
			sourceTree = "<group>";
		};
		E8A5DE561A7C856100207D8B /* Supporting Files */ = {
			isa = PBXGroup;
			children = (
				E8A5DE571A7C856100207D8B /* Info.plist */,
			);
			name = "Supporting Files";
			sourceTree = "<group>";
		};
/* End PBXGroup section */

/* Begin PBXNativeTarget section */
		E8A5DE391A7C856100207D8B /* StockPrices */ = {
			isa = PBXNativeTarget;
			buildConfigurationList = E8A5DE5C1A7C856100207D8B /* Build configuration list for PBXNativeTarget "StockPrices" */;
			buildPhases = (
				5B7804BEA38BE1C0B112BD5A /* Check Pods Manifest.lock */,
				E8A5DE361A7C856100207D8B /* Sources */,
				E8A5DE371A7C856100207D8B /* Frameworks */,
				E8A5DE381A7C856100207D8B /* Resources */,
				C8903745C91AB5936CB8567F /* Embed Pods Frameworks */,
				82CDCC1F5FAB90B2148C132F /* Copy Pods Resources */,
			);
			buildRules = (
			);
			dependencies = (
			);
			name = StockPrices;
			productName = StockPrices;
			productReference = E8A5DE3A1A7C856100207D8B /* StockPrices.app */;
			productType = "com.apple.product-type.application";
		};
		E8A5DE511A7C856100207D8B /* StockPricesTests */ = {
			isa = PBXNativeTarget;
			buildConfigurationList = E8A5DE5F1A7C856100207D8B /* Build configuration list for PBXNativeTarget "StockPricesTests" */;
			buildPhases = (
				E8A5DE4E1A7C856100207D8B /* Sources */,
				E8A5DE4F1A7C856100207D8B /* Frameworks */,
				E8A5DE501A7C856100207D8B /* Resources */,
			);
			buildRules = (
			);
			dependencies = (
				E8A5DE541A7C856100207D8B /* PBXTargetDependency */,
			);
			name = StockPricesTests;
			productName = StockPricesTests;
			productReference = E8A5DE521A7C856100207D8B /* StockPricesTests.xctest */;
			productType = "com.apple.product-type.bundle.unit-test";
		};
/* End PBXNativeTarget section */

/* Begin PBXProject section */
		E8A5DE321A7C856100207D8B /* Project object */ = {
			isa = PBXProject;
			attributes = {
				LastUpgradeCheck = 0610;
				ORGANIZATIONNAME = "Michael Updegraff";
				TargetAttributes = {
					E8A5DE391A7C856100207D8B = {
						CreatedOnToolsVersion = 6.1.1;
						DevelopmentTeam = R296M65L64;
					};
					E8A5DE511A7C856100207D8B = {
						CreatedOnToolsVersion = 6.1.1;
						TestTargetID = E8A5DE391A7C856100207D8B;
					};
				};
			};
			buildConfigurationList = E8A5DE351A7C856100207D8B /* Build configuration list for PBXProject "StockPrices" */;
			compatibilityVersion = "Xcode 3.2";
			developmentRegion = English;
			hasScannedForEncodings = 0;
			knownRegions = (
				en,
				Base,
			);
			mainGroup = E8A5DE311A7C856100207D8B;
			productRefGroup = E8A5DE3B1A7C856100207D8B /* Products */;
			projectDirPath = "";
			projectRoot = "";
			targets = (
				E8A5DE391A7C856100207D8B /* StockPrices */,
				E8A5DE511A7C856100207D8B /* StockPricesTests */,
			);
		};
/* End PBXProject section */

/* Begin PBXResourcesBuildPhase section */
		E8A5DE381A7C856100207D8B /* Resources */ = {
			isa = PBXResourcesBuildPhase;
			buildActionMask = 2147483647;
			files = (
				E8A5DE4D1A7C856100207D8B /* LaunchScreen.xib in Resources */,
				7E94D9941B2E0E8200B9615B /* StockCell.xib in Resources */,
				7E94D9901B2E0C6900B9615B /* StocksListViewController.xib in Resources */,
				7ED758471B2F3E0C001E6C51 /* SearchViewController.xib in Resources */,
				E8A5DE4A1A7C856100207D8B /* Images.xcassets in Resources */,
				7ED7584B1B2F47BF001E6C51 /* SymbolCell.xib in Resources */,
			);
			runOnlyForDeploymentPostprocessing = 0;
		};
		E8A5DE501A7C856100207D8B /* Resources */ = {
			isa = PBXResourcesBuildPhase;
			buildActionMask = 2147483647;
			files = (
			);
			runOnlyForDeploymentPostprocessing = 0;
		};
/* End PBXResourcesBuildPhase section */

/* Begin PBXShellScriptBuildPhase section */
		5B7804BEA38BE1C0B112BD5A /* Check Pods Manifest.lock */ = {
			isa = PBXShellScriptBuildPhase;
			buildActionMask = 2147483647;
			files = (
			);
			inputPaths = (
			);
			name = "Check Pods Manifest.lock";
			outputPaths = (
			);
			runOnlyForDeploymentPostprocessing = 0;
			shellPath = /bin/sh;
			shellScript = "diff \"${PODS_ROOT}/../Podfile.lock\" \"${PODS_ROOT}/Manifest.lock\" > /dev/null\nif [[ $? != 0 ]] ; then\n    cat << EOM\nerror: The sandbox is not in sync with the Podfile.lock. Run 'pod install' or update your CocoaPods installation.\nEOM\n    exit 1\nfi\n";
			showEnvVarsInLog = 0;
		};
		82CDCC1F5FAB90B2148C132F /* Copy Pods Resources */ = {
			isa = PBXShellScriptBuildPhase;
			buildActionMask = 2147483647;
			files = (
			);
			inputPaths = (
			);
			name = "Copy Pods Resources";
			outputPaths = (
			);
			runOnlyForDeploymentPostprocessing = 0;
			shellPath = /bin/sh;
			shellScript = "\"${SRCROOT}/Pods/Target Support Files/Pods-StockPrices/Pods-StockPrices-resources.sh\"\n";
			showEnvVarsInLog = 0;
		};
		C8903745C91AB5936CB8567F /* Embed Pods Frameworks */ = {
			isa = PBXShellScriptBuildPhase;
			buildActionMask = 2147483647;
			files = (
			);
			inputPaths = (
			);
			name = "Embed Pods Frameworks";
			outputPaths = (
			);
			runOnlyForDeploymentPostprocessing = 0;
			shellPath = /bin/sh;
			shellScript = "\"${SRCROOT}/Pods/Target Support Files/Pods-StockPrices/Pods-StockPrices-frameworks.sh\"\n";
			showEnvVarsInLog = 0;
		};
/* End PBXShellScriptBuildPhase section */

/* Begin PBXSourcesBuildPhase section */
		E8A5DE361A7C856100207D8B /* Sources */ = {
			isa = PBXSourcesBuildPhase;
			buildActionMask = 2147483647;
			files = (
				7E94D9881B2D118100B9615B /* Constants.swift in Sources */,
				7E94D9961B2E206000B9615B /* TabBarController.swift in Sources */,
				7E94D9931B2E0E8200B9615B /* StockCell.swift in Sources */,
				7ED7584A1B2F47BF001E6C51 /* SymbolCell.swift in Sources */,
				7ED758461B2F3E0C001E6C51 /* SearchViewController.swift in Sources */,
				7E94D9851B2CB79000B9615B /* NetworkManager.swift in Sources */,
				E8A5DE431A7C856100207D8B /* StockPrices.xcdatamodeld in Sources */,
				7E94D98F1B2E0C6900B9615B /* StocksListViewController.swift in Sources */,
				7ED758521B2F966B001E6C51 /* StockPriceModel.swift in Sources */,
				E8A5DE401A7C856100207D8B /* AppDelegate.swift in Sources */,
				E8D6959F1A7DD51200F143DC /* StocksViewController.swift in Sources */,
				7ED758501B2F892D001E6C51 /* SymbolResultModel.swift in Sources */,
			);
			runOnlyForDeploymentPostprocessing = 0;
		};
		E8A5DE4E1A7C856100207D8B /* Sources */ = {
			isa = PBXSourcesBuildPhase;
			buildActionMask = 2147483647;
			files = (
				E8A5DE591A7C856100207D8B /* StockPricesTests.swift in Sources */,
			);
			runOnlyForDeploymentPostprocessing = 0;
		};
/* End PBXSourcesBuildPhase section */

/* Begin PBXTargetDependency section */
		E8A5DE541A7C856100207D8B /* PBXTargetDependency */ = {
			isa = PBXTargetDependency;
			target = E8A5DE391A7C856100207D8B /* StockPrices */;
			targetProxy = E8A5DE531A7C856100207D8B /* PBXContainerItemProxy */;
		};
/* End PBXTargetDependency section */

/* Begin PBXVariantGroup section */
		E8A5DE4B1A7C856100207D8B /* LaunchScreen.xib */ = {
			isa = PBXVariantGroup;
			children = (
				E8A5DE4C1A7C856100207D8B /* Base */,
			);
			name = LaunchScreen.xib;
			sourceTree = "<group>";
		};
/* End PBXVariantGroup section */

/* Begin XCBuildConfiguration section */
		E8A5DE5A1A7C856100207D8B /* Debug */ = {
			isa = XCBuildConfiguration;
			buildSettings = {
				ALWAYS_SEARCH_USER_PATHS = NO;
				CLANG_CXX_LANGUAGE_STANDARD = "gnu++0x";
				CLANG_CXX_LIBRARY = "libc++";
				CLANG_ENABLE_MODULES = YES;
				CLANG_ENABLE_OBJC_ARC = YES;
				CLANG_WARN_BOOL_CONVERSION = YES;
				CLANG_WARN_CONSTANT_CONVERSION = YES;
				CLANG_WARN_DIRECT_OBJC_ISA_USAGE = YES_ERROR;
				CLANG_WARN_EMPTY_BODY = YES;
				CLANG_WARN_ENUM_CONVERSION = YES;
				CLANG_WARN_INT_CONVERSION = YES;
				CLANG_WARN_OBJC_ROOT_CLASS = YES_ERROR;
				CLANG_WARN_UNREACHABLE_CODE = YES;
				CLANG_WARN__DUPLICATE_METHOD_MATCH = YES;
				"CODE_SIGN_IDENTITY[sdk=iphoneos*]" = "iPhone Developer";
				COPY_PHASE_STRIP = NO;
				ENABLE_STRICT_OBJC_MSGSEND = YES;
				GCC_C_LANGUAGE_STANDARD = gnu99;
				GCC_DYNAMIC_NO_PIC = NO;
				GCC_OPTIMIZATION_LEVEL = 0;
				GCC_PREPROCESSOR_DEFINITIONS = (
					"DEBUG=1",
					"$(inherited)",
				);
				GCC_SYMBOLS_PRIVATE_EXTERN = NO;
				GCC_WARN_64_TO_32_BIT_CONVERSION = YES;
				GCC_WARN_ABOUT_RETURN_TYPE = YES_ERROR;
				GCC_WARN_UNDECLARED_SELECTOR = YES;
				GCC_WARN_UNINITIALIZED_AUTOS = YES_AGGRESSIVE;
				GCC_WARN_UNUSED_FUNCTION = YES;
				GCC_WARN_UNUSED_VARIABLE = YES;
				IPHONEOS_DEPLOYMENT_TARGET = 8.1;
				MTL_ENABLE_DEBUG_INFO = YES;
				ONLY_ACTIVE_ARCH = YES;
				SDKROOT = iphoneos;
				SWIFT_OPTIMIZATION_LEVEL = "-Onone";
			};
			name = Debug;
		};
		E8A5DE5B1A7C856100207D8B /* Release */ = {
			isa = XCBuildConfiguration;
			buildSettings = {
				ALWAYS_SEARCH_USER_PATHS = NO;
				CLANG_CXX_LANGUAGE_STANDARD = "gnu++0x";
				CLANG_CXX_LIBRARY = "libc++";
				CLANG_ENABLE_MODULES = YES;
				CLANG_ENABLE_OBJC_ARC = YES;
				CLANG_WARN_BOOL_CONVERSION = YES;
				CLANG_WARN_CONSTANT_CONVERSION = YES;
				CLANG_WARN_DIRECT_OBJC_ISA_USAGE = YES_ERROR;
				CLANG_WARN_EMPTY_BODY = YES;
				CLANG_WARN_ENUM_CONVERSION = YES;
				CLANG_WARN_INT_CONVERSION = YES;
				CLANG_WARN_OBJC_ROOT_CLASS = YES_ERROR;
				CLANG_WARN_UNREACHABLE_CODE = YES;
				CLANG_WARN__DUPLICATE_METHOD_MATCH = YES;
				"CODE_SIGN_IDENTITY[sdk=iphoneos*]" = "iPhone Developer";
				COPY_PHASE_STRIP = YES;
				ENABLE_NS_ASSERTIONS = NO;
				ENABLE_STRICT_OBJC_MSGSEND = YES;
				GCC_C_LANGUAGE_STANDARD = gnu99;
				GCC_WARN_64_TO_32_BIT_CONVERSION = YES;
				GCC_WARN_ABOUT_RETURN_TYPE = YES_ERROR;
				GCC_WARN_UNDECLARED_SELECTOR = YES;
				GCC_WARN_UNINITIALIZED_AUTOS = YES_AGGRESSIVE;
				GCC_WARN_UNUSED_FUNCTION = YES;
				GCC_WARN_UNUSED_VARIABLE = YES;
				IPHONEOS_DEPLOYMENT_TARGET = 8.1;
				MTL_ENABLE_DEBUG_INFO = NO;
				SDKROOT = iphoneos;
				VALIDATE_PRODUCT = YES;
			};
			name = Release;
		};
		E8A5DE5D1A7C856100207D8B /* Debug */ = {
			isa = XCBuildConfiguration;
			baseConfigurationReference = D17A1DB5FC43779E108998B0 /* Pods-StockPrices.debug.xcconfig */;
			buildSettings = {
				ASSETCATALOG_COMPILER_APPICON_NAME = AppIcon;
				CODE_SIGN_IDENTITY = "iPhone Developer";
				INFOPLIST_FILE = StockPrices/Info.plist;
				LD_RUNPATH_SEARCH_PATHS = "$(inherited) @executable_path/Frameworks";
				PRODUCT_NAME = "$(TARGET_NAME)";
			};
			name = Debug;
		};
		E8A5DE5E1A7C856100207D8B /* Release */ = {
			isa = XCBuildConfiguration;
			baseConfigurationReference = E8DDB014C8EDF5CEBACD1CBE /* Pods-StockPrices.release.xcconfig */;
			buildSettings = {
				ASSETCATALOG_COMPILER_APPICON_NAME = AppIcon;
				CODE_SIGN_IDENTITY = "iPhone Developer";
				INFOPLIST_FILE = StockPrices/Info.plist;
				LD_RUNPATH_SEARCH_PATHS = "$(inherited) @executable_path/Frameworks";
				PRODUCT_NAME = "$(TARGET_NAME)";
			};
			name = Release;
		};
		E8A5DE601A7C856100207D8B /* Debug */ = {
			isa = XCBuildConfiguration;
			buildSettings = {
				BUNDLE_LOADER = "$(TEST_HOST)";
				FRAMEWORK_SEARCH_PATHS = (
					"$(SDKROOT)/Developer/Library/Frameworks",
					"$(inherited)",
				);
				GCC_PREPROCESSOR_DEFINITIONS = (
					"DEBUG=1",
					"$(inherited)",
				);
				INFOPLIST_FILE = StockPricesTests/Info.plist;
				LD_RUNPATH_SEARCH_PATHS = "$(inherited) @executable_path/Frameworks @loader_path/Frameworks";
				PRODUCT_NAME = "$(TARGET_NAME)";
				TEST_HOST = "$(BUILT_PRODUCTS_DIR)/StockPrices.app/StockPrices";
			};
			name = Debug;
		};
		E8A5DE611A7C856100207D8B /* Release */ = {
			isa = XCBuildConfiguration;
			buildSettings = {
				BUNDLE_LOADER = "$(TEST_HOST)";
				FRAMEWORK_SEARCH_PATHS = (
					"$(SDKROOT)/Developer/Library/Frameworks",
					"$(inherited)",
				);
				INFOPLIST_FILE = StockPricesTests/Info.plist;
				LD_RUNPATH_SEARCH_PATHS = "$(inherited) @executable_path/Frameworks @loader_path/Frameworks";
				PRODUCT_NAME = "$(TARGET_NAME)";
				TEST_HOST = "$(BUILT_PRODUCTS_DIR)/StockPrices.app/StockPrices";
			};
			name = Release;
		};
/* End XCBuildConfiguration section */

/* Begin XCConfigurationList section */
		E8A5DE351A7C856100207D8B /* Build configuration list for PBXProject "StockPrices" */ = {
			isa = XCConfigurationList;
			buildConfigurations = (
				E8A5DE5A1A7C856100207D8B /* Debug */,
				E8A5DE5B1A7C856100207D8B /* Release */,
			);
			defaultConfigurationIsVisible = 0;
			defaultConfigurationName = Release;
		};
		E8A5DE5C1A7C856100207D8B /* Build configuration list for PBXNativeTarget "StockPrices" */ = {
			isa = XCConfigurationList;
			buildConfigurations = (
				E8A5DE5D1A7C856100207D8B /* Debug */,
				E8A5DE5E1A7C856100207D8B /* Release */,
			);
			defaultConfigurationIsVisible = 0;
			defaultConfigurationName = Release;
		};
		E8A5DE5F1A7C856100207D8B /* Build configuration list for PBXNativeTarget "StockPricesTests" */ = {
			isa = XCConfigurationList;
			buildConfigurations = (
				E8A5DE601A7C856100207D8B /* Debug */,
				E8A5DE611A7C856100207D8B /* Release */,
			);
			defaultConfigurationIsVisible = 0;
			defaultConfigurationName = Release;
		};
/* End XCConfigurationList section */

/* Begin XCVersionGroup section */
		E8A5DE411A7C856100207D8B /* StockPrices.xcdatamodeld */ = {
			isa = XCVersionGroup;
			children = (
				E8A5DE421A7C856100207D8B /* StockPrices.xcdatamodel */,
			);
			currentVersion = E8A5DE421A7C856100207D8B /* StockPrices.xcdatamodel */;
			path = StockPrices.xcdatamodeld;
			sourceTree = "<group>";
			versionGroupType = wrapper.xcdatamodel;
		};
/* End XCVersionGroup section */
	};
	rootObject = E8A5DE321A7C856100207D8B /* Project object */;
}
